
Microsoft Visual Studio Solution File, Format Version 12.00
# Visual Studio Version 17
VisualStudioVersion = 17.4.33205.214
MinimumVisualStudioVersion = 10.0.40219.1
Project("{FAE04EC0-301F-11D3-BF4B-00C04F79EFBC}") = "ProjectScuola", "ProjectScuola\ProjectScuola.csproj", "{CA22DC8F-29B0-4051-AC29-CAE2E7DD19BB}"
EndProject
Global
	GlobalSection(SolutionConfigurationPlatforms) = preSolution
		Debug|Any CPU = Debug|Any CPU
		Release|Any CPU = Release|Any CPU
	EndGlobalSection
	GlobalSection(ProjectConfigurationPlatforms) = postSolution
		{CA22DC8F-29B0-4051-AC29-CAE2E7DD19BB}.Debug|Any CPU.ActiveCfg = Debug|Any CPU
		{CA22DC8F-29B0-4051-AC29-CAE2E7DD19BB}.Debug|Any CPU.Build.0 = Debug|Any CPU
		{CA22DC8F-29B0-4051-AC29-CAE2E7DD19BB}.Release|Any CPU.ActiveCfg = Release|Any CPU
		{CA22DC8F-29B0-4051-AC29-CAE2E7DD19BB}.Release|Any CPU.Build.0 = Release|Any CPU
	EndGlobalSection
	GlobalSection(SolutionProperties) = preSolution
		HideSolutionNode = FALSE
	EndGlobalSection
	GlobalSection(ExtensibilityGlobals) = postSolution
		SolutionGuid = {F8D1EA8A-E2A8-4649-957A-F622095368E0}
	EndGlobalSection
EndGlobal
